PODS:
  - AFNetworking (3.1.0):
    - AFNetworking/NSURLSession (= 3.1.0)
    - AFNetworking/Reachability (= 3.1.0)
    - AFNetworking/Security (= 3.1.0)
    - AFNetworking/Serialization (= 3.1.0)
    - AFNetworking/UIKit (= 3.1.0)
  - AFNetworking/NSURLSession (3.1.0):
    - AFNetworking/Reachability
    - AFNetworking/Security
    - AFNetworking/Serialization
  - AFNetworking/Reachability (3.1.0)
  - AFNetworking/Security (3.1.0)
  - AFNetworking/Serialization (3.1.0)
  - AFNetworking/UIKit (3.1.0):
    - AFNetworking/NSURLSession
  - CocoaLumberjack (3.0.0):
    - CocoaLumberjack/Default (= 3.0.0)
    - CocoaLumberjack/Extensions (= 3.0.0)
  - CocoaLumberjack/Core (3.0.0)
  - CocoaLumberjack/Default (3.0.0):
    - CocoaLumberjack/Core
  - CocoaLumberjack/Extensions (3.0.0):
    - CocoaLumberjack/Default
  - DACircularProgress (2.3.1)
  - DZNEmptyDataSet (1.8.1)
  - Masonry (1.0.2)
  - MBProgressHUD (1.0.0)
  - MGSwipeTableCell (1.5.6)
  - MJRefresh_S (4.0.1)
  - pop (1.0.9)
  - ReactiveCocoa (5.0.0):
    - ReactiveSwift (~> 1.0.0)
  - ReactiveObjC (1.0.2)
  - ReactiveSwift (1.0.0):
    - Result (~> 3.1)
  - Result (3.1.0)
  - Reveal-iOS-SDK (1.6.2)
  - SDWebImage (4.0.0):
    - SDWebImage/Core (= 4.0.0)
  - SDWebImage/Core (4.0.0)
  - SGTFileUpload (1.0.2):
    - SGTNetworking
  - SGTImageFramework (0.0.8):
    - DACircularProgress
    - Masonry
    - MBProgressHUD
    - pop
    - SDWebImage
  - SGTNetworking (2.0.1):
    - AFNetworking
    - ReactiveObjC
  - SGTUIKit (1.1.2):
    - Masonry
    - MGSwipeTableCell
    - ReactiveObjC
    - SDWebImage
  - SnapKit (3.1.2)
  - Typhoon (3.5.1):
    - Typhoon/no-arc (= 3.5.1)
  - Typhoon/no-arc (3.5.1)

DEPENDENCIES:
  - CocoaLumberjack
  - DZNEmptyDataSet
  - MBProgressHUD
  - MJRefresh_S
  - ReactiveCocoa
  - ReactiveObjC (~> 1.0.1)
  - Reveal-iOS-SDK
  - SGTFileUpload
  - SGTImageFramework
  - SGTNetworking
  - SGTUIKit
  - SnapKit
  - Typhoon (~> 3.5.1)

SPEC CHECKSUMS:
  AFNetworking: 5e0e199f73d8626b11e79750991f5d173d1f8b67
  CocoaLumberjack: c823149bccc5519a9447aeb433be7b1212a7d6a5
  DACircularProgress: 4dd437c0fc3da5161cb289e07ac449493d41db71
  DZNEmptyDataSet: 9525833b9e68ac21c30253e1d3d7076cc828eaa7
  Masonry: 7c429b56da9d4ee0bbb3ed77a5ea710d6a5df39e
  MBProgressHUD: 4890f671c94e8a0f3cf959aa731e9de2f036d71a
  MGSwipeTableCell: 616700eb0ffd1c611ba909066cb7fd739790a0a7
  MJRefresh_S: b7fb120ea55329ff84ad0a5fc892ab5447da54a2
  pop: f667631a5108a2e60d9e8797c9b32ddaf2080bce
  ReactiveCocoa: 60ef0da915b4f70c34ebecc3f4fb8f96af0e53d6
  ReactiveObjC: 58e8dd8d5ccea31d11106c46a4755d9ce9c51aac
  ReactiveSwift: f391724ee318a2cfd3e37dfb041cd49ecf4e7869
  Result: 4e3ed5995ed94d0cd6a09be9a431fce3f3624bbf
  Reveal-iOS-SDK: e2250b3c155bcfac53ae223ddc1f76d08f206c33
  SDWebImage: 76a6348bdc74eb5a55dd08a091ef298e56b55e41
  SGTFileUpload: 81abf4589b79e2e75aab8f8de937b2e775a5be0c
  SGTImageFramework: 7b223bcc1c4326eeca5a2b26e8230edf0e2d5090
  SGTNetworking: b893c74eb56c979ffcfd69a042100f573e6bc2b9
  SGTUIKit: a7844008c75d94992db0bc5e98453415672799e5
  SnapKit: 12b24f569cb7c143acc9c22b9d91b23e7b1c84a2
  Typhoon: c0950bb9f2e835eb8a7dc6983160109b6baf2dda

PODFILE CHECKSUM: c513dea8f0e8727f36ec3f95255fb1e0f9d1a969

COCOAPODS: 1.1.1
